
Microsoft Visual Studio Solution File, Format Version 12.00
# Visual Studio Version 17
VisualStudioVersion = 17.7.34031.279
MinimumVisualStudioVersion = 10.0.40219.1
Project("{FAE04EC0-301F-11D3-BF4B-00C04F79EFBC}") = "HelloWorldApp", "HelloWorldApp\HelloWorldApp.csproj", "{D987DA86-AAA6-4C69-A62A-6B02888D89DD}"
EndProject
Global
	GlobalSection(SolutionConfigurationPlatforms) = preSolution
		Debug|Any CPU = Debug|Any CPU
		Release|Any CPU = Release|Any CPU
	EndGlobalSection
	GlobalSection(ProjectConfigurationPlatforms) = postSolution
		{D987DA86-AAA6-4C69-A62A-6B02888D89DD}.Debug|Any CPU.ActiveCfg = Debug|Any CPU
		{D987DA86-AAA6-4C69-A62A-6B02888D89DD}.Debug|Any CPU.Build.0 = Debug|Any CPU
		{D987DA86-AAA6-4C69-A62A-6B02888D89DD}.Release|Any CPU.ActiveCfg = Release|Any CPU
		{D987DA86-AAA6-4C69-A62A-6B02888D89DD}.Release|Any CPU.Build.0 = Release|Any CPU
	EndGlobalSection
	GlobalSection(SolutionProperties) = preSolution
		HideSolutionNode = FALSE
	EndGlobalSection
	GlobalSection(ExtensibilityGlobals) = postSolution
		SolutionGuid = {91045C07-D0AD-49A4-AFCA-FA9FD2D4DA46}
	EndGlobalSection
EndGlobal
